// !$*UTF8*$!
{
	archiveVersion = 1;
	classes = {
	};
	objectVersion = 46;
	objects = {

/* Begin PBXBuildFile section */
		46932853AD6FD4271D449B11 /* Pods_trucksOfFood.framework in Frameworks */ = {isa = PBXBuildFile; fileRef = 6C980DC82B747FFBFA4A5778 /* Pods_trucksOfFood.framework */; };
		82075B601F2BB3F500673D7A /* menu_filled.png in Resources */ = {isa = PBXBuildFile; fileRef = 82075B5F1F2BB3E700673D7A /* menu_filled.png */; };
		82075B621F2BDBBE00673D7A /* banknotes.png in Resources */ = {isa = PBXBuildFile; fileRef = 82075B611F2BB8A100673D7A /* banknotes.png */; };
		821100671EE206FD00C2FEEA /* RegistrationViewController.swift in Sources */ = {isa = PBXBuildFile; fileRef = 821100661EE206FD00C2FEEA /* RegistrationViewController.swift */; };
		821100691EE5E5CC00C2FEEA /* userViewController.swift in Sources */ = {isa = PBXBuildFile; fileRef = 821100681EE5E5CC00C2FEEA /* userViewController.swift */; };
		821100701EE6649600C2FEEA /* CoreLocation.framework in Frameworks */ = {isa = PBXBuildFile; fileRef = 8211006F1EE6649600C2FEEA /* CoreLocation.framework */; };
		821100721EE74B7900C2FEEA /* LocationStruct.swift in Sources */ = {isa = PBXBuildFile; fileRef = 821100711EE74B7900C2FEEA /* LocationStruct.swift */; };
		822561041F3402A800E7528F /* verify.jpeg in Resources */ = {isa = PBXBuildFile; fileRef = 822561031F3402A400E7528F /* verify.jpeg */; };
		822561061F34043C00E7528F /* VerifyViewController.swift in Sources */ = {isa = PBXBuildFile; fileRef = 822561051F34043C00E7528F /* VerifyViewController.swift */; };
		8228A9371EF2ECE900F1CD6B /* MenuItemCell.swift in Sources */ = {isa = PBXBuildFile; fileRef = 8228A9351EF2ECE900F1CD6B /* MenuItemCell.swift */; };
		8228A9381EF2ECE900F1CD6B /* MenuItemCell.xib in Resources */ = {isa = PBXBuildFile; fileRef = 8228A9361EF2ECE900F1CD6B /* MenuItemCell.xib */; };
		8228A93C1EF34E5100F1CD6B /* menuItemRow.swift in Sources */ = {isa = PBXBuildFile; fileRef = 8228A93B1EF34E5100F1CD6B /* menuItemRow.swift */; };
		824375171EF5E4D900754BB1 /* Eurka+Firebase.swift in Sources */ = {isa = PBXBuildFile; fileRef = 824375161EF5E4D900754BB1 /* Eurka+Firebase.swift */; };
		824F3B2D1EE08597000FC8CC /* AppDelegate.swift in Sources */ = {isa = PBXBuildFile; fileRef = 824F3B2C1EE08597000FC8CC /* AppDelegate.swift */; };
		824F3B2F1EE08597000FC8CC /* ViewController.swift in Sources */ = {isa = PBXBuildFile; fileRef = 824F3B2E1EE08597000FC8CC /* ViewController.swift */; };
		824F3B321EE08597000FC8CC /* Main.storyboard in Resources */ = {isa = PBXBuildFile; fileRef = 824F3B301EE08597000FC8CC /* Main.storyboard */; };
		824F3B341EE08597000FC8CC /* Assets.xcassets in Resources */ = {isa = PBXBuildFile; fileRef = 824F3B331EE08597000FC8CC /* Assets.xcassets */; };
		824F3B371EE08597000FC8CC /* LaunchScreen.storyboard in Resources */ = {isa = PBXBuildFile; fileRef = 824F3B351EE08597000FC8CC /* LaunchScreen.storyboard */; };
		824F3B3F1EE0B1D1000FC8CC /* GoogleService-Info.plist in Resources */ = {isa = PBXBuildFile; fileRef = 824F3B3E1EE0B1D1000FC8CC /* GoogleService-Info.plist */; };
		82506E941F39505A00CF7002 /* StorageService.swift in Sources */ = {isa = PBXBuildFile; fileRef = 82506E931F39505A00CF7002 /* StorageService.swift */; };
		82506E961F395AC900CF7002 /* PostService.swift in Sources */ = {isa = PBXBuildFile; fileRef = 82506E951F395AC900CF7002 /* PostService.swift */; };
		8255D7A91F032B2500BCFB0C /* timePhoto.jpeg in Resources */ = {isa = PBXBuildFile; fileRef = 8255D7A71F032B2500BCFB0C /* timePhoto.jpeg */; };
		8255D7AA1F032B2500BCFB0C /* menuPhoto.jpeg in Resources */ = {isa = PBXBuildFile; fileRef = 8255D7A81F032B2500BCFB0C /* menuPhoto.jpeg */; };
		8255D7AC1F032CF500BCFB0C /* truckMainMenuTableViewCell.swift in Sources */ = {isa = PBXBuildFile; fileRef = 8255D7AB1F032CF500BCFB0C /* truckMainMenuTableViewCell.swift */; };
		8255D7AE1F032FBD00BCFB0C /* TruckMainMenuTableViewController.swift in Sources */ = {isa = PBXBuildFile; fileRef = 8255D7AD1F032FBD00BCFB0C /* TruckMainMenuTableViewController.swift */; };
		8255D7B21F033D8900BCFB0C /* ImageViewGradientExtention.swift in Sources */ = {isa = PBXBuildFile; fileRef = 8255D7B11F033D8900BCFB0C /* ImageViewGradientExtention.swift */; };
		8255D7B41F0342BD00BCFB0C /* location.gif in Resources */ = {isa = PBXBuildFile; fileRef = 8255D7B31F0342BD00BCFB0C /* location.gif */; };
		8255D7B61F044F7C00BCFB0C /* credit-card.jpeg in Resources */ = {isa = PBXBuildFile; fileRef = 8255D7B51F044F7C00BCFB0C /* credit-card.jpeg */; };
		8255D7B81F07197A00BCFB0C /* iphone.jpeg in Resources */ = {isa = PBXBuildFile; fileRef = 8255D7B71F07197A00BCFB0C /* iphone.jpeg */; };
		8255D7BA1F07537100BCFB0C /* MenuItemsTableViewController.swift in Sources */ = {isa = PBXBuildFile; fileRef = 8255D7B91F07537100BCFB0C /* MenuItemsTableViewController.swift */; };
		8259607D1F0F546C00EE6904 /* SettingsTableViewController.swift in Sources */ = {isa = PBXBuildFile; fileRef = 8259607C1F0F546C00EE6904 /* SettingsTableViewController.swift */; };
		825960811F0FCC2B00EE6904 /* Customer.storyboard in Resources */ = {isa = PBXBuildFile; fileRef = 825960801F0FCC2B00EE6904 /* Customer.storyboard */; };
		825960831F0FF7FF00EE6904 /* CustomerMainViewController.swift in Sources */ = {isa = PBXBuildFile; fileRef = 825960821F0FF7FF00EE6904 /* CustomerMainViewController.swift */; };
		825960871F10168F00EE6904 /* location.png in Resources */ = {isa = PBXBuildFile; fileRef = 825960861F10168F00EE6904 /* location.png */; };
		826097B71F226939006DAF7C /* nearByFood.png in Resources */ = {isa = PBXBuildFile; fileRef = 826097B61F226939006DAF7C /* nearByFood.png */; };
		826276871F1982D400A53B38 /* foodtruck.jpg in Resources */ = {isa = PBXBuildFile; fileRef = 826276861F1982D400A53B38 /* foodtruck.jpg */; };
		826276891F1987EE00A53B38 /* TypesOfFoodTableViewController.swift in Sources */ = {isa = PBXBuildFile; fileRef = 826276881F1987EE00A53B38 /* TypesOfFoodTableViewController.swift */; };
		8262768E1F19C7E300A53B38 /* MenuListForCustomerTableViewController.swift in Sources */ = {isa = PBXBuildFile; fileRef = 8262768D1F19C7E300A53B38 /* MenuListForCustomerTableViewController.swift */; };
		8274BD631F1537BE00B23303 /* FoodTruckAnnotation.swift in Sources */ = {isa = PBXBuildFile; fileRef = 8274BD621F1537BE00B23303 /* FoodTruckAnnotation.swift */; };
		8274BD651F15924B00B23303 /* VCMapView.swift in Sources */ = {isa = PBXBuildFile; fileRef = 8274BD641F15924B00B23303 /* VCMapView.swift */; };
		829AC93E1F33B9C600EB9611 /* verify.png in Resources */ = {isa = PBXBuildFile; fileRef = 829AC93D1F33B9B600EB9611 /* verify.png */; };
		82AA3C0E1F1C844000530015 /* CheckOutViewController.swift in Sources */ = {isa = PBXBuildFile; fileRef = 82AA3C0D1F1C844000530015 /* CheckOutViewController.swift */; };
		82AA3C1A1F1D859500530015 /* ProductClass.swift in Sources */ = {isa = PBXBuildFile; fileRef = 82AA3C191F1D859500530015 /* ProductClass.swift */; };
		82AA3C1E1F1D9B0700530015 /* MyAPIClient.swift in Sources */ = {isa = PBXBuildFile; fileRef = 82AA3C1D1F1D9B0700530015 /* MyAPIClient.swift */; };
		82B8CA8D1F3BDB810032BD72 /* redX.png in Resources */ = {isa = PBXBuildFile; fileRef = 82B8CA8C1F3BDB720032BD72 /* redX.png */; };
		82BE57871F09CC260090A2AA /* MenuClass.swift in Sources */ = {isa = PBXBuildFile; fileRef = 82BE57861F09CC260090A2AA /* MenuClass.swift */; };
		82BE57891F0B33C30090A2AA /* ListOfMenusTableViewController.swift in Sources */ = {isa = PBXBuildFile; fileRef = 82BE57881F0B33C30090A2AA /* ListOfMenusTableViewController.swift */; };
		82BE578D1F0C0B000090A2AA /* TruckListForTimesTableViewController.swift in Sources */ = {isa = PBXBuildFile; fileRef = 82BE578C1F0C0B000090A2AA /* TruckListForTimesTableViewController.swift */; };
		82BE578F1F0C0F040090A2AA /* TruckTimesTableViewController.swift in Sources */ = {isa = PBXBuildFile; fileRef = 82BE578E1F0C0F040090A2AA /* TruckTimesTableViewController.swift */; };
		82BE57911F0D60AE0090A2AA /* TimeUpdateViewController.swift in Sources */ = {isa = PBXBuildFile; fileRef = 82BE57901F0D60AE0090A2AA /* TimeUpdateViewController.swift */; };
		82BE57941F0D88320090A2AA /* TrucksForLocationTableViewController.swift in Sources */ = {isa = PBXBuildFile; fileRef = 82BE57931F0D88320090A2AA /* TrucksForLocationTableViewController.swift */; };
		82BE57961F0DCB5D0090A2AA /* ManualLocationViewController.swift in Sources */ = {isa = PBXBuildFile; fileRef = 82BE57951F0DCB5D0090A2AA /* ManualLocationViewController.swift */; };
		82C669A81F26EB3D00051074 /* myLocation.png in Resources */ = {isa = PBXBuildFile; fileRef = 82C669A71F26EA5500051074 /* myLocation.png */; };
		82C669A91F26EBB800051074 /* icons8-point_objects_filled.png in Resources */ = {isa = PBXBuildFile; fileRef = 82C669A51F26E48D00051074 /* icons8-point_objects_filled.png */; };
		82CCD4F51EE9C7C6004040ED /* TruckUploadViewController.swift in Sources */ = {isa = PBXBuildFile; fileRef = 82CCD4F41EE9C7C6004040ED /* TruckUploadViewController.swift */; };
/* End PBXBuildFile section */

/* Begin PBXFileReference section */
		6C980DC82B747FFBFA4A5778 /* Pods_trucksOfFood.framework */ = {isa = PBXFileReference; explicitFileType = wrapper.framework; includeInIndex = 0; path = Pods_trucksOfFood.framework; sourceTree = BUILT_PRODUCTS_DIR; };
		82075B5F1F2BB3E700673D7A /* menu_filled.png */ = {isa = PBXFileReference; lastKnownFileType = image.png; path = menu_filled.png; sourceTree = "<group>"; };
		82075B611F2BB8A100673D7A /* banknotes.png */ = {isa = PBXFileReference; lastKnownFileType = image.png; path = banknotes.png; sourceTree = "<group>"; };
		821100661EE206FD00C2FEEA /* RegistrationViewController.swift */ = {isa = PBXFileReference; fileEncoding = 4; lastKnownFileType = sourcecode.swift; path = RegistrationViewController.swift; sourceTree = "<group>"; };
		821100681EE5E5CC00C2FEEA /* userViewController.swift */ = {isa = PBXFileReference; fileEncoding = 4; lastKnownFileType = sourcecode.swift; path = userViewController.swift; sourceTree = "<group>"; };
		8211006F1EE6649600C2FEEA /* CoreLocation.framework */ = {isa = PBXFileReference; lastKnownFileType = wrapper.framework; name = CoreLocation.framework; path = System/Library/Frameworks/CoreLocation.framework; sourceTree = SDKROOT; };
		821100711EE74B7900C2FEEA /* LocationStruct.swift */ = {isa = PBXFileReference; fileEncoding = 4; lastKnownFileType = sourcecode.swift; path = LocationStruct.swift; sourceTree = "<group>"; };
		822561031F3402A400E7528F /* verify.jpeg */ = {isa = PBXFileReference; lastKnownFileType = image.jpeg; path = verify.jpeg; sourceTree = "<group>"; };
		822561051F34043C00E7528F /* VerifyViewController.swift */ = {isa = PBXFileReference; lastKnownFileType = sourcecode.swift; path = VerifyViewController.swift; sourceTree = "<group>"; };
		8228A9351EF2ECE900F1CD6B /* MenuItemCell.swift */ = {isa = PBXFileReference; fileEncoding = 4; lastKnownFileType = sourcecode.swift; name = MenuItemCell.swift; path = ../MenuItemCell.swift; sourceTree = "<group>"; };
		8228A9361EF2ECE900F1CD6B /* MenuItemCell.xib */ = {isa = PBXFileReference; fileEncoding = 4; lastKnownFileType = file.xib; name = MenuItemCell.xib; path = ../MenuItemCell.xib; sourceTree = "<group>"; };
		8228A93B1EF34E5100F1CD6B /* menuItemRow.swift */ = {isa = PBXFileReference; fileEncoding = 4; lastKnownFileType = sourcecode.swift; path = menuItemRow.swift; sourceTree = "<group>"; };
		824375161EF5E4D900754BB1 /* Eurka+Firebase.swift */ = {isa = PBXFileReference; fileEncoding = 4; lastKnownFileType = sourcecode.swift; path = "Eurka+Firebase.swift"; sourceTree = "<group>"; };
		824F3B291EE08597000FC8CC /* trucksOfFood.app */ = {isa = PBXFileReference; explicitFileType = wrapper.application; includeInIndex = 0; path = trucksOfFood.app; sourceTree = BUILT_PRODUCTS_DIR; };
		824F3B2C1EE08597000FC8CC /* AppDelegate.swift */ = {isa = PBXFileReference; lastKnownFileType = sourcecode.swift; path = AppDelegate.swift; sourceTree = "<group>"; };
		824F3B2E1EE08597000FC8CC /* ViewController.swift */ = {isa = PBXFileReference; lastKnownFileType = sourcecode.swift; path = ViewController.swift; sourceTree = "<group>"; };
		824F3B311EE08597000FC8CC /* Base */ = {isa = PBXFileReference; lastKnownFileType = file.storyboard; name = Base; path = Base.lproj/Main.storyboard; sourceTree = "<group>"; };
		824F3B331EE08597000FC8CC /* Assets.xcassets */ = {isa = PBXFileReference; lastKnownFileType = folder.assetcatalog; path = Assets.xcassets; sourceTree = "<group>"; };
		824F3B361EE08597000FC8CC /* Base */ = {isa = PBXFileReference; lastKnownFileType = file.storyboard; name = Base; path = Base.lproj/LaunchScreen.storyboard; sourceTree = "<group>"; };
		824F3B381EE08597000FC8CC /* Info.plist */ = {isa = PBXFileReference; lastKnownFileType = text.plist.xml; path = Info.plist; sourceTree = "<group>"; };
		824F3B3E1EE0B1D1000FC8CC /* GoogleService-Info.plist */ = {isa = PBXFileReference; fileEncoding = 4; lastKnownFileType = text.plist.xml; path = "GoogleService-Info.plist"; sourceTree = "<group>"; };
		82506E931F39505A00CF7002 /* StorageService.swift */ = {isa = PBXFileReference; lastKnownFileType = sourcecode.swift; path = StorageService.swift; sourceTree = "<group>"; };
		82506E951F395AC900CF7002 /* PostService.swift */ = {isa = PBXFileReference; lastKnownFileType = sourcecode.swift; path = PostService.swift; sourceTree = "<group>"; };
		8255D7A71F032B2500BCFB0C /* timePhoto.jpeg */ = {isa = PBXFileReference; lastKnownFileType = image.jpeg; path = timePhoto.jpeg; sourceTree = "<group>"; };
		8255D7A81F032B2500BCFB0C /* menuPhoto.jpeg */ = {isa = PBXFileReference; lastKnownFileType = image.jpeg; path = menuPhoto.jpeg; sourceTree = "<group>"; };
		8255D7AB1F032CF500BCFB0C /* truckMainMenuTableViewCell.swift */ = {isa = PBXFileReference; fileEncoding = 4; lastKnownFileType = sourcecode.swift; path = truckMainMenuTableViewCell.swift; sourceTree = "<group>"; };
		8255D7AD1F032FBD00BCFB0C /* TruckMainMenuTableViewController.swift */ = {isa = PBXFileReference; fileEncoding = 4; lastKnownFileType = sourcecode.swift; path = TruckMainMenuTableViewController.swift; sourceTree = "<group>"; };
		8255D7B11F033D8900BCFB0C /* ImageViewGradientExtention.swift */ = {isa = PBXFileReference; fileEncoding = 4; lastKnownFileType = sourcecode.swift; path = ImageViewGradientExtention.swift; sourceTree = "<group>"; };
		8255D7B31F0342BD00BCFB0C /* location.gif */ = {isa = PBXFileReference; lastKnownFileType = image.gif; path = location.gif; sourceTree = "<group>"; };
		8255D7B51F044F7C00BCFB0C /* credit-card.jpeg */ = {isa = PBXFileReference; lastKnownFileType = image.jpeg; path = "credit-card.jpeg"; sourceTree = "<group>"; };
		8255D7B71F07197A00BCFB0C /* iphone.jpeg */ = {isa = PBXFileReference; lastKnownFileType = image.jpeg; path = iphone.jpeg; sourceTree = "<group>"; };
		8255D7B91F07537100BCFB0C /* MenuItemsTableViewController.swift */ = {isa = PBXFileReference; fileEncoding = 4; lastKnownFileType = sourcecode.swift; path = MenuItemsTableViewController.swift; sourceTree = "<group>"; };
		8259607C1F0F546C00EE6904 /* SettingsTableViewController.swift */ = {isa = PBXFileReference; fileEncoding = 4; lastKnownFileType = sourcecode.swift; path = SettingsTableViewController.swift; sourceTree = "<group>"; };
		825960801F0FCC2B00EE6904 /* Customer.storyboard */ = {isa = PBXFileReference; fileEncoding = 4; lastKnownFileType = file.storyboard; path = Customer.storyboard; sourceTree = "<group>"; };
		825960821F0FF7FF00EE6904 /* CustomerMainViewController.swift */ = {isa = PBXFileReference; fileEncoding = 4; lastKnownFileType = sourcecode.swift; path = CustomerMainViewController.swift; sourceTree = "<group>"; };
		825960861F10168F00EE6904 /* location.png */ = {isa = PBXFileReference; lastKnownFileType = image.png; path = location.png; sourceTree = "<group>"; };
		826097B61F226939006DAF7C /* nearByFood.png */ = {isa = PBXFileReference; lastKnownFileType = image.png; path = nearByFood.png; sourceTree = "<group>"; };
		826276861F1982D400A53B38 /* foodtruck.jpg */ = {isa = PBXFileReference; lastKnownFileType = image.jpeg; path = foodtruck.jpg; sourceTree = "<group>"; };
		826276881F1987EE00A53B38 /* TypesOfFoodTableViewController.swift */ = {isa = PBXFileReference; fileEncoding = 4; lastKnownFileType = sourcecode.swift; path = TypesOfFoodTableViewController.swift; sourceTree = "<group>"; };
		8262768D1F19C7E300A53B38 /* MenuListForCustomerTableViewController.swift */ = {isa = PBXFileReference; fileEncoding = 4; lastKnownFileType = sourcecode.swift; path = MenuListForCustomerTableViewController.swift; sourceTree = "<group>"; };
		8274BD621F1537BE00B23303 /* FoodTruckAnnotation.swift */ = {isa = PBXFileReference; fileEncoding = 4; lastKnownFileType = sourcecode.swift; path = FoodTruckAnnotation.swift; sourceTree = "<group>"; };
		8274BD641F15924B00B23303 /* VCMapView.swift */ = {isa = PBXFileReference; fileEncoding = 4; lastKnownFileType = sourcecode.swift; path = VCMapView.swift; sourceTree = "<group>"; };
		829AC93D1F33B9B600EB9611 /* verify.png */ = {isa = PBXFileReference; lastKnownFileType = image.png; path = verify.png; sourceTree = "<group>"; };
		82AA3C0D1F1C844000530015 /* CheckOutViewController.swift */ = {isa = PBXFileReference; fileEncoding = 4; lastKnownFileType = sourcecode.swift; path = CheckOutViewController.swift; sourceTree = "<group>"; };
		82AA3C191F1D859500530015 /* ProductClass.swift */ = {isa = PBXFileReference; fileEncoding = 4; lastKnownFileType = sourcecode.swift; path = ProductClass.swift; sourceTree = "<group>"; };
		82AA3C1D1F1D9B0700530015 /* MyAPIClient.swift */ = {isa = PBXFileReference; fileEncoding = 4; lastKnownFileType = sourcecode.swift; path = MyAPIClient.swift; sourceTree = "<group>"; };
		82B8CA8C1F3BDB720032BD72 /* redX.png */ = {isa = PBXFileReference; lastKnownFileType = image.png; path = redX.png; sourceTree = "<group>"; };
		82BE57861F09CC260090A2AA /* MenuClass.swift */ = {isa = PBXFileReference; fileEncoding = 4; lastKnownFileType = sourcecode.swift; path = MenuClass.swift; sourceTree = "<group>"; };
		82BE57881F0B33C30090A2AA /* ListOfMenusTableViewController.swift */ = {isa = PBXFileReference; fileEncoding = 4; lastKnownFileType = sourcecode.swift; path = ListOfMenusTableViewController.swift; sourceTree = "<group>"; };
		82BE578C1F0C0B000090A2AA /* TruckListForTimesTableViewController.swift */ = {isa = PBXFileReference; fileEncoding = 4; lastKnownFileType = sourcecode.swift; path = TruckListForTimesTableViewController.swift; sourceTree = "<group>"; };
		82BE578E1F0C0F040090A2AA /* TruckTimesTableViewController.swift */ = {isa = PBXFileReference; fileEncoding = 4; lastKnownFileType = sourcecode.swift; path = TruckTimesTableViewController.swift; sourceTree = "<group>"; };
		82BE57901F0D60AE0090A2AA /* TimeUpdateViewController.swift */ = {isa = PBXFileReference; fileEncoding = 4; lastKnownFileType = sourcecode.swift; path = TimeUpdateViewController.swift; sourceTree = "<group>"; };
		82BE57931F0D88320090A2AA /* TrucksForLocationTableViewController.swift */ = {isa = PBXFileReference; fileEncoding = 4; lastKnownFileType = sourcecode.swift; path = TrucksForLocationTableViewController.swift; sourceTree = "<group>"; };
		82BE57951F0DCB5D0090A2AA /* ManualLocationViewController.swift */ = {isa = PBXFileReference; fileEncoding = 4; lastKnownFileType = sourcecode.swift; path = ManualLocationViewController.swift; sourceTree = "<group>"; };
		82C3C39F038570AB65261FC0 /* Pods-trucksOfFood.release.xcconfig */ = {isa = PBXFileReference; includeInIndex = 1; lastKnownFileType = text.xcconfig; name = "Pods-trucksOfFood.release.xcconfig"; path = "Pods/Target Support Files/Pods-trucksOfFood/Pods-trucksOfFood.release.xcconfig"; sourceTree = "<group>"; };
		82C669A51F26E48D00051074 /* icons8-point_objects_filled.png */ = {isa = PBXFileReference; lastKnownFileType = image.png; path = "icons8-point_objects_filled.png"; sourceTree = "<group>"; };
		82C669A71F26EA5500051074 /* myLocation.png */ = {isa = PBXFileReference; lastKnownFileType = image.png; path = myLocation.png; sourceTree = "<group>"; };
		82CCD4F41EE9C7C6004040ED /* TruckUploadViewController.swift */ = {isa = PBXFileReference; fileEncoding = 4; lastKnownFileType = sourcecode.swift; path = TruckUploadViewController.swift; sourceTree = "<group>"; };
		A5DF0C828E393A6E2403DE03 /* Pods-trucksOfFood.debug.xcconfig */ = {isa = PBXFileReference; includeInIndex = 1; lastKnownFileType = text.xcconfig; name = "Pods-trucksOfFood.debug.xcconfig"; path = "Pods/Target Support Files/Pods-trucksOfFood/Pods-trucksOfFood.debug.xcconfig"; sourceTree = "<group>"; };
/* End PBXFileReference section */

/* Begin PBXFrameworksBuildPhase section */
		824F3B261EE08597000FC8CC /* Frameworks */ = {
			isa = PBXFrameworksBuildPhase;
			buildActionMask = 2147483647;
			files = (
				821100701EE6649600C2FEEA /* CoreLocation.framework in Frameworks */,
				46932853AD6FD4271D449B11 /* Pods_trucksOfFood.framework in Frameworks */,
			);
			runOnlyForDeploymentPostprocessing = 0;
		};
/* End PBXFrameworksBuildPhase section */

/* Begin PBXGroup section */
		2E4854987426A305D20A8B79 /* Frameworks */ = {
			isa = PBXGroup;
			children = (
				8211006F1EE6649600C2FEEA /* CoreLocation.framework */,
				6C980DC82B747FFBFA4A5778 /* Pods_trucksOfFood.framework */,
			);
			name = Frameworks;
			sourceTree = "<group>";
		};
		733BFD00ABE8050B7E1CB36D /* Pods */ = {
			isa = PBXGroup;
			children = (
				A5DF0C828E393A6E2403DE03 /* Pods-trucksOfFood.debug.xcconfig */,
				82C3C39F038570AB65261FC0 /* Pods-trucksOfFood.release.xcconfig */,
			);
			name = Pods;
			sourceTree = "<group>";
		};
		824F3B201EE08597000FC8CC = {
			isa = PBXGroup;
			children = (
				824F3B2B1EE08597000FC8CC /* trucksOfFood */,
				824F3B2A1EE08597000FC8CC /* Products */,
				733BFD00ABE8050B7E1CB36D /* Pods */,
				2E4854987426A305D20A8B79 /* Frameworks */,
			);
			sourceTree = "<group>";
		};
		824F3B2A1EE08597000FC8CC /* Products */ = {
			isa = PBXGroup;
			children = (
				824F3B291EE08597000FC8CC /* trucksOfFood.app */,
			);
			name = Products;
			sourceTree = "<group>";
		};
		824F3B2B1EE08597000FC8CC /* trucksOfFood */ = {
			isa = PBXGroup;
			children = (
				82506E921F39503A00CF7002 /* services */,
				824375161EF5E4D900754BB1 /* Eurka+Firebase.swift */,
				824F3B2C1EE08597000FC8CC /* AppDelegate.swift */,
				824F3B2E1EE08597000FC8CC /* ViewController.swift */,
				8259607C1F0F546C00EE6904 /* SettingsTableViewController.swift */,
				821100661EE206FD00C2FEEA /* RegistrationViewController.swift */,
				8259607F1F0FCBC000EE6904 /* Customer Files */,
				8259607E1F0FC9C900EE6904 /* Truck Files */,
				82BE578B1F0C08490090A2AA /* Time Files */,
				82BE578A1F0B34030090A2AA /* Menu Files */,
				82BE57921F0D87E00090A2AA /* LocationFiles */,
				824F3B331EE08597000FC8CC /* Assets.xcassets */,
				822561031F3402A400E7528F /* verify.jpeg */,
				82506E911F394FDE00CF7002 /* Images */,
				824F3B351EE08597000FC8CC /* LaunchScreen.storyboard */,
				824F3B381EE08597000FC8CC /* Info.plist */,
				824F3B3E1EE0B1D1000FC8CC /* GoogleService-Info.plist */,
				821100711EE74B7900C2FEEA /* LocationStruct.swift */,
			);
			path = trucksOfFood;
			sourceTree = "<group>";
		};
		82506E911F394FDE00CF7002 /* Images */ = {
			isa = PBXGroup;
			children = (
				82B8CA8C1F3BDB720032BD72 /* redX.png */,
				829AC93D1F33B9B600EB9611 /* verify.png */,
				82075B611F2BB8A100673D7A /* banknotes.png */,
				82075B5F1F2BB3E700673D7A /* menu_filled.png */,
				82C669A71F26EA5500051074 /* myLocation.png */,
				82C669A51F26E48D00051074 /* icons8-point_objects_filled.png */,
				826097B61F226939006DAF7C /* nearByFood.png */,
				826276861F1982D400A53B38 /* foodtruck.jpg */,
				825960861F10168F00EE6904 /* location.png */,
				8255D7B51F044F7C00BCFB0C /* credit-card.jpeg */,
				8255D7B31F0342BD00BCFB0C /* location.gif */,
				8255D7A71F032B2500BCFB0C /* timePhoto.jpeg */,
				8255D7A81F032B2500BCFB0C /* menuPhoto.jpeg */,
				8255D7B71F07197A00BCFB0C /* iphone.jpeg */,
			);
			name = Images;
			sourceTree = "<group>";
		};
		82506E921F39503A00CF7002 /* services */ = {
			isa = PBXGroup;
			children = (
				82506E931F39505A00CF7002 /* StorageService.swift */,
				82506E951F395AC900CF7002 /* PostService.swift */,
			);
			name = services;
			sourceTree = "<group>";
		};
		8259607E1F0FC9C900EE6904 /* Truck Files */ = {
			isa = PBXGroup;
			children = (
				82CCD4F41EE9C7C6004040ED /* TruckUploadViewController.swift */,
				8255D7AB1F032CF500BCFB0C /* truckMainMenuTableViewCell.swift */,
				8255D7B11F033D8900BCFB0C /* ImageViewGradientExtention.swift */,
				8255D7AD1F032FBD00BCFB0C /* TruckMainMenuTableViewController.swift */,
				821100681EE5E5CC00C2FEEA /* userViewController.swift */,
				824F3B301EE08597000FC8CC /* Main.storyboard */,
				822561051F34043C00E7528F /* VerifyViewController.swift */,
			);
			name = "Truck Files";
			sourceTree = "<group>";
		};
		8259607F1F0FCBC000EE6904 /* Customer Files */ = {
			isa = PBXGroup;
			children = (
				825960801F0FCC2B00EE6904 /* Customer.storyboard */,
				8274BD641F15924B00B23303 /* VCMapView.swift */,
				825960821F0FF7FF00EE6904 /* CustomerMainViewController.swift */,
				8274BD621F1537BE00B23303 /* FoodTruckAnnotation.swift */,
				826276881F1987EE00A53B38 /* TypesOfFoodTableViewController.swift */,
				8262768D1F19C7E300A53B38 /* MenuListForCustomerTableViewController.swift */,
				82AA3C0D1F1C844000530015 /* CheckOutViewController.swift */,
				82AA3C191F1D859500530015 /* ProductClass.swift */,
				82AA3C1D1F1D9B0700530015 /* MyAPIClient.swift */,
			);
			name = "Customer Files";
			sourceTree = "<group>";
		};
		82BE578A1F0B34030090A2AA /* Menu Files */ = {
			isa = PBXGroup;
			children = (
				82BE57881F0B33C30090A2AA /* ListOfMenusTableViewController.swift */,
				8228A93B1EF34E5100F1CD6B /* menuItemRow.swift */,
				8228A9361EF2ECE900F1CD6B /* MenuItemCell.xib */,
				82BE57861F09CC260090A2AA /* MenuClass.swift */,
				8228A9351EF2ECE900F1CD6B /* MenuItemCell.swift */,
				8255D7B91F07537100BCFB0C /* MenuItemsTableViewController.swift */,
			);
			name = "Menu Files";
			sourceTree = "<group>";
		};
		82BE578B1F0C08490090A2AA /* Time Files */ = {
			isa = PBXGroup;
			children = (
				82BE578C1F0C0B000090A2AA /* TruckListForTimesTableViewController.swift */,
				82BE57901F0D60AE0090A2AA /* TimeUpdateViewController.swift */,
				82BE578E1F0C0F040090A2AA /* TruckTimesTableViewController.swift */,
			);
			name = "Time Files";
			sourceTree = "<group>";
		};
		82BE57921F0D87E00090A2AA /* LocationFiles */ = {
			isa = PBXGroup;
			children = (
				82BE57931F0D88320090A2AA /* TrucksForLocationTableViewController.swift */,
				82BE57951F0DCB5D0090A2AA /* ManualLocationViewController.swift */,
			);
			name = LocationFiles;
			sourceTree = "<group>";
		};
/* End PBXGroup section */

/* Begin PBXNativeTarget section */
		824F3B281EE08597000FC8CC /* trucksOfFood */ = {
			isa = PBXNativeTarget;
			buildConfigurationList = 824F3B3B1EE08597000FC8CC /* Build configuration list for PBXNativeTarget "trucksOfFood" */;
			buildPhases = (
				CFDD0ACEC1F471BD5D78FCB7 /* [CP] Check Pods Manifest.lock */,
				824F3B251EE08597000FC8CC /* Sources */,
				824F3B261EE08597000FC8CC /* Frameworks */,
				824F3B271EE08597000FC8CC /* Resources */,
				B3B18E5A702373F4C9A28D9D /* [CP] Embed Pods Frameworks */,
				1CA8968E507B609FAF492394 /* [CP] Copy Pods Resources */,
			);
			buildRules = (
			);
			dependencies = (
			);
			name = trucksOfFood;
			productName = trucksOfFood;
			productReference = 824F3B291EE08597000FC8CC /* trucksOfFood.app */;
			productType = "com.apple.product-type.application";
		};
/* End PBXNativeTarget section */

/* Begin PBXProject section */
		824F3B211EE08597000FC8CC /* Project object */ = {
			isa = PBXProject;
			attributes = {
				LastSwiftUpdateCheck = 0830;
				LastUpgradeCheck = 0900;
				ORGANIZATIONNAME = "Taylor Simpson";
				TargetAttributes = {
					824F3B281EE08597000FC8CC = {
						CreatedOnToolsVersion = 8.3.2;
						DevelopmentTeam = TR2MLK3WQ4;
						LastSwiftMigration = 0900;
						ProvisioningStyle = Automatic;
					};
				};
			};
			buildConfigurationList = 824F3B241EE08597000FC8CC /* Build configuration list for PBXProject "trucksOfFood" */;
			compatibilityVersion = "Xcode 3.2";
			developmentRegion = English;
			hasScannedForEncodings = 0;
			knownRegions = (
				en,
				Base,
			);
			mainGroup = 824F3B201EE08597000FC8CC;
			productRefGroup = 824F3B2A1EE08597000FC8CC /* Products */;
			projectDirPath = "";
			projectRoot = "";
			targets = (
				824F3B281EE08597000FC8CC /* trucksOfFood */,
			);
		};
/* End PBXProject section */

/* Begin PBXResourcesBuildPhase section */
		824F3B271EE08597000FC8CC /* Resources */ = {
			isa = PBXResourcesBuildPhase;
			buildActionMask = 2147483647;
			files = (
				826276871F1982D400A53B38 /* foodtruck.jpg in Resources */,
				824F3B371EE08597000FC8CC /* LaunchScreen.storyboard in Resources */,
				82C669A81F26EB3D00051074 /* myLocation.png in Resources */,
				8255D7AA1F032B2500BCFB0C /* menuPhoto.jpeg in Resources */,
				8255D7A91F032B2500BCFB0C /* timePhoto.jpeg in Resources */,
				82C669A91F26EBB800051074 /* icons8-point_objects_filled.png in Resources */,
				825960871F10168F00EE6904 /* location.png in Resources */,
				82075B601F2BB3F500673D7A /* menu_filled.png in Resources */,
				825960811F0FCC2B00EE6904 /* Customer.storyboard in Resources */,
				82075B621F2BDBBE00673D7A /* banknotes.png in Resources */,
				826097B71F226939006DAF7C /* nearByFood.png in Resources */,
				82B8CA8D1F3BDB810032BD72 /* redX.png in Resources */,
				8228A9381EF2ECE900F1CD6B /* MenuItemCell.xib in Resources */,
				829AC93E1F33B9C600EB9611 /* verify.png in Resources */,
				8255D7B81F07197A00BCFB0C /* iphone.jpeg in Resources */,
				824F3B341EE08597000FC8CC /* Assets.xcassets in Resources */,
				8255D7B41F0342BD00BCFB0C /* location.gif in Resources */,
				8255D7B61F044F7C00BCFB0C /* credit-card.jpeg in Resources */,
				824F3B321EE08597000FC8CC /* Main.storyboard in Resources */,
				822561041F3402A800E7528F /* verify.jpeg in Resources */,
				824F3B3F1EE0B1D1000FC8CC /* GoogleService-Info.plist in Resources */,
			);
			runOnlyForDeploymentPostprocessing = 0;
		};
/* End PBXResourcesBuildPhase section */

/* Begin PBXShellScriptBuildPhase section */
		1CA8968E507B609FAF492394 /* [CP] Copy Pods Resources */ = {
			isa = PBXShellScriptBuildPhase;
			buildActionMask = 2147483647;
			files = (
			);
			inputPaths = (
			);
			name = "[CP] Copy Pods Resources";
			outputPaths = (
			);
			runOnlyForDeploymentPostprocessing = 0;
			shellPath = /bin/sh;
			shellScript = "\"${SRCROOT}/Pods/Target Support Files/Pods-trucksOfFood/Pods-trucksOfFood-resources.sh\"\n";
			showEnvVarsInLog = 0;
		};
		B3B18E5A702373F4C9A28D9D /* [CP] Embed Pods Frameworks */ = {
			isa = PBXShellScriptBuildPhase;
			buildActionMask = 2147483647;
			files = (
			);
			inputPaths = (
				"${SRCROOT}/Pods/Target Support Files/Pods-trucksOfFood/Pods-trucksOfFood-frameworks.sh",
				"${BUILT_PRODUCTS_DIR}/Alamofire/Alamofire.framework",
				"${BUILT_PRODUCTS_DIR}/BEMCheckBox/BEMCheckBox.framework",
				"${BUILT_PRODUCTS_DIR}/BWWalkthrough/BWWalkthrough.framework",
				"${BUILT_PRODUCTS_DIR}/Bolts/Bolts.framework",
				"${BUILT_PRODUCTS_DIR}/DZNEmptyDataSet/DZNEmptyDataSet.framework",
				"${BUILT_PRODUCTS_DIR}/Eureka/Eureka.framework",
				"${BUILT_PRODUCTS_DIR}/FBSDKCoreKit/FBSDKCoreKit.framework",
				"${BUILT_PRODUCTS_DIR}/FBSDKLoginKit/FBSDKLoginKit.framework",
				"${BUILT_PRODUCTS_DIR}/FBSDKShareKit/FBSDKShareKit.framework",
				"${BUILT_PRODUCTS_DIR}/GTMSessionFetcher/GTMSessionFetcher.framework",
				"${BUILT_PRODUCTS_DIR}/GoogleToolboxForMac/GoogleToolboxForMac.framework",
				"${BUILT_PRODUCTS_DIR}/ImageRow/ImageRow.framework",
				"${BUILT_PRODUCTS_DIR}/Kingfisher/Kingfisher.framework",
				"${BUILT_PRODUCTS_DIR}/PMAlertController/PMAlertController.framework",
				"${BUILT_PRODUCTS_DIR}/PostalAddressRow/PostalAddressRow.framework",
				"${BUILT_PRODUCTS_DIR}/Protobuf/Protobuf.framework",
				"${BUILT_PRODUCTS_DIR}/SVProgressHUD/SVProgressHUD.framework",
				"${BUILT_PRODUCTS_DIR}/Stripe/Stripe.framework",
				"${BUILT_PRODUCTS_DIR}/SwipeableTabBarController/SwipeableTabBarController.framework",
				"${BUILT_PRODUCTS_DIR}/nanopb/nanopb.framework",
			);
			name = "[CP] Embed Pods Frameworks";
			outputPaths = (
				"${TARGET_BUILD_DIR}/${FRAMEWORKS_FOLDER_PATH}/Alamofire.framework",
				"${TARGET_BUILD_DIR}/${FRAMEWORKS_FOLDER_PATH}/BEMCheckBox.framework",
				"${TARGET_BUILD_DIR}/${FRAMEWORKS_FOLDER_PATH}/BWWalkthrough.framework",
				"${TARGET_BUILD_DIR}/${FRAMEWORKS_FOLDER_PATH}/Bolts.framework",
				"${TARGET_BUILD_DIR}/${FRAMEWORKS_FOLDER_PATH}/DZNEmptyDataSet.framework",
				"${TARGET_BUILD_DIR}/${FRAMEWORKS_FOLDER_PATH}/Eureka.framework",
				"${TARGET_BUILD_DIR}/${FRAMEWORKS_FOLDER_PATH}/FBSDKCoreKit.framework",
				"${TARGET_BUILD_DIR}/${FRAMEWORKS_FOLDER_PATH}/FBSDKLoginKit.framework",
				"${TARGET_BUILD_DIR}/${FRAMEWORKS_FOLDER_PATH}/FBSDKShareKit.framework",
				"${TARGET_BUILD_DIR}/${FRAMEWORKS_FOLDER_PATH}/GTMSessionFetcher.framework",
				"${TARGET_BUILD_DIR}/${FRAMEWORKS_FOLDER_PATH}/GoogleToolboxForMac.framework",
				"${TARGET_BUILD_DIR}/${FRAMEWORKS_FOLDER_PATH}/ImageRow.framework",
				"${TARGET_BUILD_DIR}/${FRAMEWORKS_FOLDER_PATH}/Kingfisher.framework",
				"${TARGET_BUILD_DIR}/${FRAMEWORKS_FOLDER_PATH}/PMAlertController.framework",
				"${TARGET_BUILD_DIR}/${FRAMEWORKS_FOLDER_PATH}/PostalAddressRow.framework",
				"${TARGET_BUILD_DIR}/${FRAMEWORKS_FOLDER_PATH}/Protobuf.framework",
				"${TARGET_BUILD_DIR}/${FRAMEWORKS_FOLDER_PATH}/SVProgressHUD.framework",
				"${TARGET_BUILD_DIR}/${FRAMEWORKS_FOLDER_PATH}/Stripe.framework",
				"${TARGET_BUILD_DIR}/${FRAMEWORKS_FOLDER_PATH}/SwipeableTabBarController.framework",
				"${TARGET_BUILD_DIR}/${FRAMEWORKS_FOLDER_PATH}/nanopb.framework",
			);
			runOnlyForDeploymentPostprocessing = 0;
			shellPath = /bin/sh;
			shellScript = "\"${SRCROOT}/Pods/Target Support Files/Pods-trucksOfFood/Pods-trucksOfFood-frameworks.sh\"\n";
			showEnvVarsInLog = 0;
		};
		CFDD0ACEC1F471BD5D78FCB7 /* [CP] Check Pods Manifest.lock */ = {
			isa = PBXShellScriptBuildPhase;
			buildActionMask = 2147483647;
			files = (
			);
			inputPaths = (
				"${PODS_PODFILE_DIR_PATH}/Podfile.lock",
				"${PODS_ROOT}/Manifest.lock",
			);
			name = "[CP] Check Pods Manifest.lock";
			outputPaths = (
				"$(DERIVED_FILE_DIR)/Pods-trucksOfFood-checkManifestLockResult.txt",
			);
			runOnlyForDeploymentPostprocessing = 0;
			shellPath = /bin/sh;
			shellScript = "diff \"${PODS_PODFILE_DIR_PATH}/Podfile.lock\" \"${PODS_ROOT}/Manifest.lock\" > /dev/null\nif [ $? != 0 ] ; then\n    # print error to STDERR\n    echo \"error: The sandbox is not in sync with the Podfile.lock. Run 'pod install' or update your CocoaPods installation.\" >&2\n    exit 1\nfi\n# This output is used by Xcode 'outputs' to avoid re-running this script phase.\necho \"SUCCESS\" > \"${SCRIPT_OUTPUT_FILE_0}\"\n";
			showEnvVarsInLog = 0;
		};
/* End PBXShellScriptBuildPhase section */

/* Begin PBXSourcesBuildPhase section */
		824F3B251EE08597000FC8CC /* Sources */ = {
			isa = PBXSourcesBuildPhase;
			buildActionMask = 2147483647;
			files = (
				8255D7AC1F032CF500BCFB0C /* truckMainMenuTableViewCell.swift in Sources */,
				82506E941F39505A00CF7002 /* StorageService.swift in Sources */,
				821100721EE74B7900C2FEEA /* LocationStruct.swift in Sources */,
				82506E961F395AC900CF7002 /* PostService.swift in Sources */,
				8228A93C1EF34E5100F1CD6B /* menuItemRow.swift in Sources */,
				822561061F34043C00E7528F /* VerifyViewController.swift in Sources */,
				824375171EF5E4D900754BB1 /* Eurka+Firebase.swift in Sources */,
				82AA3C1A1F1D859500530015 /* ProductClass.swift in Sources */,
				82BE57911F0D60AE0090A2AA /* TimeUpdateViewController.swift in Sources */,
				82BE57891F0B33C30090A2AA /* ListOfMenusTableViewController.swift in Sources */,
				8228A9371EF2ECE900F1CD6B /* MenuItemCell.swift in Sources */,
				82BE578F1F0C0F040090A2AA /* TruckTimesTableViewController.swift in Sources */,
				825960831F0FF7FF00EE6904 /* CustomerMainViewController.swift in Sources */,
				82BE57871F09CC260090A2AA /* MenuClass.swift in Sources */,
				82CCD4F51EE9C7C6004040ED /* TruckUploadViewController.swift in Sources */,
				8255D7AE1F032FBD00BCFB0C /* TruckMainMenuTableViewController.swift in Sources */,
				82AA3C0E1F1C844000530015 /* CheckOutViewController.swift in Sources */,
				8274BD651F15924B00B23303 /* VCMapView.swift in Sources */,
				821100671EE206FD00C2FEEA /* RegistrationViewController.swift in Sources */,
				82BE578D1F0C0B000090A2AA /* TruckListForTimesTableViewController.swift in Sources */,
				82BE57941F0D88320090A2AA /* TrucksForLocationTableViewController.swift in Sources */,
				821100691EE5E5CC00C2FEEA /* userViewController.swift in Sources */,
				82BE57961F0DCB5D0090A2AA /* ManualLocationViewController.swift in Sources */,
				8274BD631F1537BE00B23303 /* FoodTruckAnnotation.swift in Sources */,
				82AA3C1E1F1D9B0700530015 /* MyAPIClient.swift in Sources */,
				824F3B2F1EE08597000FC8CC /* ViewController.swift in Sources */,
				8255D7B21F033D8900BCFB0C /* ImageViewGradientExtention.swift in Sources */,
				826276891F1987EE00A53B38 /* TypesOfFoodTableViewController.swift in Sources */,
				824F3B2D1EE08597000FC8CC /* AppDelegate.swift in Sources */,
				8255D7BA1F07537100BCFB0C /* MenuItemsTableViewController.swift in Sources */,
				8262768E1F19C7E300A53B38 /* MenuListForCustomerTableViewController.swift in Sources */,
				8259607D1F0F546C00EE6904 /* SettingsTableViewController.swift in Sources */,
			);
			runOnlyForDeploymentPostprocessing = 0;
		};
/* End PBXSourcesBuildPhase section */

/* Begin PBXVariantGroup section */
		824F3B301EE08597000FC8CC /* Main.storyboard */ = {
			isa = PBXVariantGroup;
			children = (
				824F3B311EE08597000FC8CC /* Base */,
			);
			name = Main.storyboard;
			sourceTree = "<group>";
		};
		824F3B351EE08597000FC8CC /* LaunchScreen.storyboard */ = {
			isa = PBXVariantGroup;
			children = (
				824F3B361EE08597000FC8CC /* Base */,
			);
			name = LaunchScreen.storyboard;
			sourceTree = "<group>";
		};
/* End PBXVariantGroup section */

/* Begin XCBuildConfiguration section */
		824F3B391EE08597000FC8CC /* Debug */ = {
			isa = XCBuildConfiguration;
			buildSettings = {
				ALWAYS_SEARCH_USER_PATHS = NO;
				CLANG_ANALYZER_NONNULL = YES;
				CLANG_ANALYZER_NUMBER_OBJECT_CONVERSION = YES_AGGRESSIVE;
				CLANG_CXX_LANGUAGE_STANDARD = "gnu++0x";
				CLANG_CXX_LIBRARY = "libc++";
				CLANG_ENABLE_MODULES = YES;
				CLANG_ENABLE_OBJC_ARC = YES;
				CLANG_WARN_BLOCK_CAPTURE_AUTORELEASING = YES;
				CLANG_WARN_BOOL_CONVERSION = YES;
				CLANG_WARN_COMMA = YES;
				CLANG_WARN_CONSTANT_CONVERSION = YES;
				CLANG_WARN_DIRECT_OBJC_ISA_USAGE = YES_ERROR;
				CLANG_WARN_DOCUMENTATION_COMMENTS = YES;
				CLANG_WARN_EMPTY_BODY = YES;
				CLANG_WARN_ENUM_CONVERSION = YES;
				CLANG_WARN_INFINITE_RECURSION = YES;
				CLANG_WARN_INT_CONVERSION = YES;
				CLANG_WARN_NON_LITERAL_NULL_CONVERSION = YES;
				CLANG_WARN_OBJC_LITERAL_CONVERSION = YES;
				CLANG_WARN_OBJC_ROOT_CLASS = YES_ERROR;
				CLANG_WARN_RANGE_LOOP_ANALYSIS = YES;
				CLANG_WARN_STRICT_PROTOTYPES = YES;
				CLANG_WARN_SUSPICIOUS_MOVE = YES;
				CLANG_WARN_UNREACHABLE_CODE = YES;
				CLANG_WARN__DUPLICATE_METHOD_MATCH = YES;
				"CODE_SIGN_IDENTITY[sdk=iphoneos*]" = "iPhone Developer";
				COPY_PHASE_STRIP = NO;
				DEBUG_INFORMATION_FORMAT = dwarf;
				ENABLE_STRICT_OBJC_MSGSEND = YES;
				ENABLE_TESTABILITY = YES;
				GCC_C_LANGUAGE_STANDARD = gnu99;
				GCC_DYNAMIC_NO_PIC = NO;
				GCC_NO_COMMON_BLOCKS = YES;
				GCC_OPTIMIZATION_LEVEL = 0;
				GCC_PREPROCESSOR_DEFINITIONS = (
					"DEBUG=1",
					"$(inherited)",
				);
				GCC_WARN_64_TO_32_BIT_CONVERSION = YES;
				GCC_WARN_ABOUT_RETURN_TYPE = YES_ERROR;
				GCC_WARN_UNDECLARED_SELECTOR = YES;
				GCC_WARN_UNINITIALIZED_AUTOS = YES_AGGRESSIVE;
				GCC_WARN_UNUSED_FUNCTION = YES;
				GCC_WARN_UNUSED_VARIABLE = YES;
				IPHONEOS_DEPLOYMENT_TARGET = 10.3;
				MTL_ENABLE_DEBUG_INFO = YES;
				ONLY_ACTIVE_ARCH = YES;
				SDKROOT = iphoneos;
				SWIFT_ACTIVE_COMPILATION_CONDITIONS = DEBUG;
				SWIFT_OPTIMIZATION_LEVEL = "-Onone";
				SWIFT_VERSION = "";
			};
			name = Debug;
		};
		824F3B3A1EE08597000FC8CC /* Release */ = {
			isa = XCBuildConfiguration;
			buildSettings = {
				ALWAYS_SEARCH_USER_PATHS = NO;
				CLANG_ANALYZER_NONNULL = YES;
				CLANG_ANALYZER_NUMBER_OBJECT_CONVERSION = YES_AGGRESSIVE;
				CLANG_CXX_LANGUAGE_STANDARD = "gnu++0x";
				CLANG_CXX_LIBRARY = "libc++";
				CLANG_ENABLE_MODULES = YES;
				CLANG_ENABLE_OBJC_ARC = YES;
				CLANG_WARN_BLOCK_CAPTURE_AUTORELEASING = YES;
				CLANG_WARN_BOOL_CONVERSION = YES;
				CLANG_WARN_COMMA = YES;
				CLANG_WARN_CONSTANT_CONVERSION = YES;
				CLANG_WARN_DIRECT_OBJC_ISA_USAGE = YES_ERROR;
				CLANG_WARN_DOCUMENTATION_COMMENTS = YES;
				CLANG_WARN_EMPTY_BODY = YES;
				CLANG_WARN_ENUM_CONVERSION = YES;
				CLANG_WARN_INFINITE_RECURSION = YES;
				CLANG_WARN_INT_CONVERSION = YES;
				CLANG_WARN_NON_LITERAL_NULL_CONVERSION = YES;
				CLANG_WARN_OBJC_LITERAL_CONVERSION = YES;
				CLANG_WARN_OBJC_ROOT_CLASS = YES_ERROR;
				CLANG_WARN_RANGE_LOOP_ANALYSIS = YES;
				CLANG_WARN_STRICT_PROTOTYPES = YES;
				CLANG_WARN_SUSPICIOUS_MOVE = YES;
				CLANG_WARN_UNREACHABLE_CODE = YES;
				CLANG_WARN__DUPLICATE_METHOD_MATCH = YES;
				"CODE_SIGN_IDENTITY[sdk=iphoneos*]" = "iPhone Developer";
				COPY_PHASE_STRIP = NO;
				DEBUG_INFORMATION_FORMAT = "dwarf-with-dsym";
				ENABLE_NS_ASSERTIONS = NO;
				ENABLE_STRICT_OBJC_MSGSEND = YES;
				GCC_C_LANGUAGE_STANDARD = gnu99;
				GCC_NO_COMMON_BLOCKS = YES;
				GCC_WARN_64_TO_32_BIT_CONVERSION = YES;
				GCC_WARN_ABOUT_RETURN_TYPE = YES_ERROR;
				GCC_WARN_UNDECLARED_SELECTOR = YES;
				GCC_WARN_UNINITIALIZED_AUTOS = YES_AGGRESSIVE;
				GCC_WARN_UNUSED_FUNCTION = YES;
				GCC_WARN_UNUSED_VARIABLE = YES;
				IPHONEOS_DEPLOYMENT_TARGET = 10.3;
				MTL_ENABLE_DEBUG_INFO = NO;
				SDKROOT = iphoneos;
				SWIFT_OPTIMIZATION_LEVEL = "-Owholemodule";
				SWIFT_VERSION = "";
				VALIDATE_PRODUCT = YES;
			};
			name = Release;
		};
		824F3B3C1EE08597000FC8CC /* Debug */ = {
			isa = XCBuildConfiguration;
			baseConfigurationReference = A5DF0C828E393A6E2403DE03 /* Pods-trucksOfFood.debug.xcconfig */;
			buildSettings = {
				ASSETCATALOG_COMPILER_APPICON_NAME = AppIcon;
				DEVELOPMENT_TEAM = TR2MLK3WQ4;
				INFOPLIST_FILE = trucksOfFood/Info.plist;
				LD_RUNPATH_SEARCH_PATHS = "$(inherited) @executable_path/Frameworks";
				PRODUCT_BUNDLE_IDENTIFIER = Taylor.trucksOfFood;
				PRODUCT_NAME = "$(TARGET_NAME)";
				SWIFT_SWIFT3_OBJC_INFERENCE = On;
				SWIFT_VERSION = 4.0;
			};
			name = Debug;
		};
		824F3B3D1EE08597000FC8CC /* Release */ = {
			isa = XCBuildConfiguration;
			baseConfigurationReference = 82C3C39F038570AB65261FC0 /* Pods-trucksOfFood.release.xcconfig */;
			buildSettings = {
				ASSETCATALOG_COMPILER_APPICON_NAME = AppIcon;
				DEVELOPMENT_TEAM = TR2MLK3WQ4;
				INFOPLIST_FILE = trucksOfFood/Info.plist;
				LD_RUNPATH_SEARCH_PATHS = "$(inherited) @executable_path/Frameworks";
				PRODUCT_BUNDLE_IDENTIFIER = Taylor.trucksOfFood;
				PRODUCT_NAME = "$(TARGET_NAME)";
				SWIFT_SWIFT3_OBJC_INFERENCE = On;
				SWIFT_VERSION = 4.0;
			};
			name = Release;
		};
/* End XCBuildConfiguration section */

/* Begin XCConfigurationList section */
		824F3B241EE08597000FC8CC /* Build configuration list for PBXProject "trucksOfFood" */ = {
			isa = XCConfigurationList;
			buildConfigurations = (
				824F3B391EE08597000FC8CC /* Debug */,
				824F3B3A1EE08597000FC8CC /* Release */,
			);
			defaultConfigurationIsVisible = 0;
			defaultConfigurationName = Release;
		};
		824F3B3B1EE08597000FC8CC /* Build configuration list for PBXNativeTarget "trucksOfFood" */ = {
			isa = XCConfigurationList;
			buildConfigurations = (
				824F3B3C1EE08597000FC8CC /* Debug */,
				824F3B3D1EE08597000FC8CC /* Release */,
			);
			defaultConfigurationIsVisible = 0;
			defaultConfigurationName = Release;
		};
/* End XCConfigurationList section */
	};
	rootObject = 824F3B211EE08597000FC8CC /* Project object */;
}
